
Microsoft Visual Studio Solution File, Format Version 12.00
# Visual Studio 15
VisualStudioVersion = 15.0.28307.1062
MinimumVisualStudioVersion = 10.0.40219.1
Project("{FAE04EC0-301F-11D3-BF4B-00C04F79EFBC}") = "test", "test\test.csproj", "{D1F14872-4714-42D4-8CD1-C11665B4014C}"
EndProject
Global
	GlobalSection(SolutionConfigurationPlatforms) = preSolution
		Debug|Any CPU = Debug|Any CPU
		Release|Any CPU = Release|Any CPU
	EndGlobalSection
	GlobalSection(ProjectConfigurationPlatforms) = postSolution
		{D1F14872-4714-42D4-8CD1-C11665B4014C}.Debug|Any CPU.ActiveCfg = Debug|Any CPU
		{D1F14872-4714-42D4-8CD1-C11665B4014C}.Debug|Any CPU.Build.0 = Debug|Any CPU
		{D1F14872-4714-42D4-8CD1-C11665B4014C}.Release|Any CPU.ActiveCfg = Release|Any CPU
		{D1F14872-4714-42D4-8CD1-C11665B4014C}.Release|Any CPU.Build.0 = Release|Any CPU
	EndGlobalSection
	GlobalSection(SolutionProperties) = preSolution
		HideSolutionNode = FALSE
	EndGlobalSection
	GlobalSection(ExtensibilityGlobals) = postSolution
		SolutionGuid = {86A9129D-5D59-4A5E-AD5E-FB95A6D33DBD}
	EndGlobalSection
EndGlobal
